
Microsoft Visual Studio Solution File, Format Version 12.00
# Visual Studio Version 17
VisualStudioVersion = 17.7.34031.279
MinimumVisualStudioVersion = 10.0.40219.1
Project("{FAE04EC0-301F-11D3-BF4B-00C04F79EFBC}") = "10.Switch Syntax", "10.Switch Syntax.csproj", "{FDA61C92-07FD-4CBF-B15F-0DD9803599B3}"
EndProject
Global
	GlobalSection(SolutionConfigurationPlatforms) = preSolution
		Debug|Any CPU = Debug|Any CPU
		Release|Any CPU = Release|Any CPU
	EndGlobalSection
	GlobalSection(ProjectConfigurationPlatforms) = postSolution
		{FDA61C92-07FD-4CBF-B15F-0DD9803599B3}.Debug|Any CPU.ActiveCfg = Debug|Any CPU
		{FDA61C92-07FD-4CBF-B15F-0DD9803599B3}.Debug|Any CPU.Build.0 = Debug|Any CPU
		{FDA61C92-07FD-4CBF-B15F-0DD9803599B3}.Release|Any CPU.ActiveCfg = Release|Any CPU
		{FDA61C92-07FD-4CBF-B15F-0DD9803599B3}.Release|Any CPU.Build.0 = Release|Any CPU
	EndGlobalSection
	GlobalSection(SolutionProperties) = preSolution
		HideSolutionNode = FALSE
	EndGlobalSection
	GlobalSection(ExtensibilityGlobals) = postSolution
		SolutionGuid = {CD95FFDC-CA81-4324-B72D-CCC6201AB1ED}
	EndGlobalSection
EndGlobal
